
Microsoft Visual Studio Solution File, Format Version 12.00
# Visual Studio 15
VisualStudioVersion = 15.0.27130.2027
MinimumVisualStudioVersion = 10.0.40219.1
Project("{FAE04EC0-301F-11D3-BF4B-00C04F79EFBC}") = "ConsoleAppClientIdSecret_AppOnlyPermission", "ConsoleAppClientIdSecret_AppOnlyPermission\ConsoleAppClientIdSecret_AppOnlyPermission.csproj", "{1157577A-D897-4370-B132-FCE37B67E013}"
EndProject
Project("{FAE04EC0-301F-11D3-BF4B-00C04F79EFBC}") = "TestingAssignment", "TestingAssignment\TestingAssignment.csproj", "{0BFFCFD8-324D-4C70-A2E7-879E1F23D1B3}"
EndProject
Global
	GlobalSection(SolutionConfigurationPlatforms) = preSolution
		Debug|Any CPU = Debug|Any CPU
		Release|Any CPU = Release|Any CPU
	EndGlobalSection
	GlobalSection(ProjectConfigurationPlatforms) = postSolution
		{1157577A-D897-4370-B132-FCE37B67E013}.Debug|Any CPU.ActiveCfg = Debug|Any CPU
		{1157577A-D897-4370-B132-FCE37B67E013}.Debug|Any CPU.Build.0 = Debug|Any CPU
		{1157577A-D897-4370-B132-FCE37B67E013}.Release|Any CPU.ActiveCfg = Release|Any CPU
		{1157577A-D897-4370-B132-FCE37B67E013}.Release|Any CPU.Build.0 = Release|Any CPU
		{0BFFCFD8-324D-4C70-A2E7-879E1F23D1B3}.Debug|Any CPU.ActiveCfg = Debug|Any CPU
		{0BFFCFD8-324D-4C70-A2E7-879E1F23D1B3}.Debug|Any CPU.Build.0 = Debug|Any CPU
		{0BFFCFD8-324D-4C70-A2E7-879E1F23D1B3}.Release|Any CPU.ActiveCfg = Release|Any CPU
		{0BFFCFD8-324D-4C70-A2E7-879E1F23D1B3}.Release|Any CPU.Build.0 = Release|Any CPU
	EndGlobalSection
	GlobalSection(SolutionProperties) = preSolution
		HideSolutionNode = FALSE
	EndGlobalSection
	GlobalSection(ExtensibilityGlobals) = postSolution
		SolutionGuid = {E01CF57B-1C13-4EA2-9761-E381026188A8}
	EndGlobalSection
EndGlobal
